
Microsoft Visual Studio Solution File, Format Version 12.00
# Visual Studio Version 17
VisualStudioVersion = 17.12.35527.113
MinimumVisualStudioVersion = 10.0.40219.1
Project("{2150E333-8FDC-42A3-9474-1A3956D46DE8}") = "src", "src", "{7353A4F4-99A2-4977-A616-4E665553F72B}"
EndProject
Project("{9A19103F-16F7-4668-BE54-9A1E7A4F7556}") = "ePizza.Core", "ePizza.Core\ePizza.Core.csproj", "{5FC476AA-857E-4F79-97C7-2CB6D7418DBC}"
EndProject
Project("{9A19103F-16F7-4668-BE54-9A1E7A4F7556}") = "ePizza.Models", "ePizza.Models\ePizza.Models.csproj", "{BC188A12-4329-4699-BA34-65C7F1116371}"
EndProject
Project("{9A19103F-16F7-4668-BE54-9A1E7A4F7556}") = "ePizza.Repository", "ePizza.Repository\ePizza.Repository.csproj", "{F6FDF016-E7DB-4BB0-B37E-D528748F3D4A}"
EndProject
Project("{9A19103F-16F7-4668-BE54-9A1E7A4F7556}") = "ePizza.UI", "ePizza.UI\ePizza.UI.csproj", "{EEB46788-0781-4100-A36B-9E8C8DD27147}"
EndProject
Project("{9A19103F-16F7-4668-BE54-9A1E7A4F7556}") = "ePizza.API", "ePizza.API\ePizza.API.csproj", "{CAFA4783-A712-492D-BB46-EF9B1315E58E}"
EndProject
Project("{2150E333-8FDC-42A3-9474-1A3956D46DE8}") = "API", "API", "{E542CE7C-6078-4AFF-866F-52A939BC3102}"
EndProject
Project("{2150E333-8FDC-42A3-9474-1A3956D46DE8}") = "Persistence", "Persistence", "{EAD6FB62-4C1B-484C-BB9A-48756F627568}"
EndProject
Project("{2150E333-8FDC-42A3-9474-1A3956D46DE8}") = "UI", "UI", "{B7F1CFF8-57EE-49FD-B454-32ADC40A4736}"
EndProject
Project("{2150E333-8FDC-42A3-9474-1A3956D46DE8}") = "Core", "Core", "{49CC9AF3-B345-42A6-93E2-8F08089ED3C6}"
EndProject
Project("{9A19103F-16F7-4668-BE54-9A1E7A4F7556}") = "ePizza.Domain", "ePizza.Domain\ePizza.Domain.csproj", "{4900AFD5-DDA7-4597-A117-1CD081308C79}"
EndProject
Project("{2150E333-8FDC-42A3-9474-1A3956D46DE8}") = "UnitTest", "UnitTest", "{68CA2548-98DD-49FC-9A5F-60FB3FCC9D07}"
EndProject
Project("{FAE04EC0-301F-11D3-BF4B-00C04F79EFBC}") = "ePizzaAPI.UnitTest", "ePizzaAPI.UnitTest\ePizzaAPI.UnitTest.csproj", "{3E0E1691-2C17-4054-9571-472B33F75287}"
EndProject
Project("{FAE04EC0-301F-11D3-BF4B-00C04F79EFBC}") = "NUnit", "NUnit\NUnit.csproj", "{AB7F4CF1-0EA2-45F9-8855-3B9CD2ADA6BE}"
EndProject
Global
	GlobalSection(SolutionConfigurationPlatforms) = preSolution
		Debug|Any CPU = Debug|Any CPU
		Release|Any CPU = Release|Any CPU
	EndGlobalSection
	GlobalSection(ProjectConfigurationPlatforms) = postSolution
		{5FC476AA-857E-4F79-97C7-2CB6D7418DBC}.Debug|Any CPU.ActiveCfg = Debug|Any CPU
		{5FC476AA-857E-4F79-97C7-2CB6D7418DBC}.Debug|Any CPU.Build.0 = Debug|Any CPU
		{5FC476AA-857E-4F79-97C7-2CB6D7418DBC}.Release|Any CPU.ActiveCfg = Release|Any CPU
		{5FC476AA-857E-4F79-97C7-2CB6D7418DBC}.Release|Any CPU.Build.0 = Release|Any CPU
		{BC188A12-4329-4699-BA34-65C7F1116371}.Debug|Any CPU.ActiveCfg = Debug|Any CPU
		{BC188A12-4329-4699-BA34-65C7F1116371}.Debug|Any CPU.Build.0 = Debug|Any CPU
		{BC188A12-4329-4699-BA34-65C7F1116371}.Release|Any CPU.ActiveCfg = Release|Any CPU
		{BC188A12-4329-4699-BA34-65C7F1116371}.Release|Any CPU.Build.0 = Release|Any CPU
		{F6FDF016-E7DB-4BB0-B37E-D528748F3D4A}.Debug|Any CPU.ActiveCfg = Debug|Any CPU
		{F6FDF016-E7DB-4BB0-B37E-D528748F3D4A}.Debug|Any CPU.Build.0 = Debug|Any CPU
		{F6FDF016-E7DB-4BB0-B37E-D528748F3D4A}.Release|Any CPU.ActiveCfg = Release|Any CPU
		{F6FDF016-E7DB-4BB0-B37E-D528748F3D4A}.Release|Any CPU.Build.0 = Release|Any CPU
		{EEB46788-0781-4100-A36B-9E8C8DD27147}.Debug|Any CPU.ActiveCfg = Debug|Any CPU
		{EEB46788-0781-4100-A36B-9E8C8DD27147}.Debug|Any CPU.Build.0 = Debug|Any CPU
		{EEB46788-0781-4100-A36B-9E8C8DD27147}.Release|Any CPU.ActiveCfg = Release|Any CPU
		{EEB46788-0781-4100-A36B-9E8C8DD27147}.Release|Any CPU.Build.0 = Release|Any CPU
		{CAFA4783-A712-492D-BB46-EF9B1315E58E}.Debug|Any CPU.ActiveCfg = Debug|Any CPU
		{CAFA4783-A712-492D-BB46-EF9B1315E58E}.Debug|Any CPU.Build.0 = Debug|Any CPU
		{CAFA4783-A712-492D-BB46-EF9B1315E58E}.Release|Any CPU.ActiveCfg = Release|Any CPU
		{CAFA4783-A712-492D-BB46-EF9B1315E58E}.Release|Any CPU.Build.0 = Release|Any CPU
		{4900AFD5-DDA7-4597-A117-1CD081308C79}.Debug|Any CPU.ActiveCfg = Debug|Any CPU
		{4900AFD5-DDA7-4597-A117-1CD081308C79}.Debug|Any CPU.Build.0 = Debug|Any CPU
		{4900AFD5-DDA7-4597-A117-1CD081308C79}.Release|Any CPU.ActiveCfg = Release|Any CPU
		{4900AFD5-DDA7-4597-A117-1CD081308C79}.Release|Any CPU.Build.0 = Release|Any CPU
		{3E0E1691-2C17-4054-9571-472B33F75287}.Debug|Any CPU.ActiveCfg = Debug|Any CPU
		{3E0E1691-2C17-4054-9571-472B33F75287}.Debug|Any CPU.Build.0 = Debug|Any CPU
		{3E0E1691-2C17-4054-9571-472B33F75287}.Release|Any CPU.ActiveCfg = Release|Any CPU
		{3E0E1691-2C17-4054-9571-472B33F75287}.Release|Any CPU.Build.0 = Release|Any CPU
		{AB7F4CF1-0EA2-45F9-8855-3B9CD2ADA6BE}.Debug|Any CPU.ActiveCfg = Debug|Any CPU
		{AB7F4CF1-0EA2-45F9-8855-3B9CD2ADA6BE}.Debug|Any CPU.Build.0 = Debug|Any CPU
		{AB7F4CF1-0EA2-45F9-8855-3B9CD2ADA6BE}.Release|Any CPU.ActiveCfg = Release|Any CPU
		{AB7F4CF1-0EA2-45F9-8855-3B9CD2ADA6BE}.Release|Any CPU.Build.0 = Release|Any CPU
	EndGlobalSection
	GlobalSection(SolutionProperties) = preSolution
		HideSolutionNode = FALSE
	EndGlobalSection
	GlobalSection(NestedProjects) = preSolution
		{5FC476AA-857E-4F79-97C7-2CB6D7418DBC} = {49CC9AF3-B345-42A6-93E2-8F08089ED3C6}
		{BC188A12-4329-4699-BA34-65C7F1116371} = {49CC9AF3-B345-42A6-93E2-8F08089ED3C6}
		{F6FDF016-E7DB-4BB0-B37E-D528748F3D4A} = {EAD6FB62-4C1B-484C-BB9A-48756F627568}
		{EEB46788-0781-4100-A36B-9E8C8DD27147} = {B7F1CFF8-57EE-49FD-B454-32ADC40A4736}
		{CAFA4783-A712-492D-BB46-EF9B1315E58E} = {E542CE7C-6078-4AFF-866F-52A939BC3102}
		{E542CE7C-6078-4AFF-866F-52A939BC3102} = {7353A4F4-99A2-4977-A616-4E665553F72B}
		{EAD6FB62-4C1B-484C-BB9A-48756F627568} = {7353A4F4-99A2-4977-A616-4E665553F72B}
		{B7F1CFF8-57EE-49FD-B454-32ADC40A4736} = {7353A4F4-99A2-4977-A616-4E665553F72B}
		{49CC9AF3-B345-42A6-93E2-8F08089ED3C6} = {7353A4F4-99A2-4977-A616-4E665553F72B}
		{4900AFD5-DDA7-4597-A117-1CD081308C79} = {EAD6FB62-4C1B-484C-BB9A-48756F627568}
		{3E0E1691-2C17-4054-9571-472B33F75287} = {68CA2548-98DD-49FC-9A5F-60FB3FCC9D07}
		{AB7F4CF1-0EA2-45F9-8855-3B9CD2ADA6BE} = {68CA2548-98DD-49FC-9A5F-60FB3FCC9D07}
	EndGlobalSection
	GlobalSection(ExtensibilityGlobals) = postSolution
		SolutionGuid = {9E61E9E6-AF98-44D4-8046-203481352B48}
	EndGlobalSection
EndGlobal
